%{"apex": {:hex, :apex, "1.0.0", "abf230314d35ca4c48a902f693247f190ad42fc14862b9c4f7dbb7077b21c20a", [:mix], [], "hexpm"},
  "bunt": {:hex, :bunt, "0.2.0", "951c6e801e8b1d2cbe58ebbd3e616a869061ddadcc4863d0a2182541acae9a38", [:mix], [], "hexpm"},
  "credo": {:hex, :credo, "0.8.6", "335f723772d35da499b5ebfdaf6b426bfb73590b6fcbc8908d476b75f8cbca3f", [:mix], [{:bunt, "~> 0.2.0", [hex: :bunt, repo: "hexpm", optional: false]}], "hexpm"},
  "dialyxir": {:hex, :dialyxir, "0.5.1", "b331b091720fd93e878137add264bac4f644e1ddae07a70bf7062c7862c4b952", [:mix], [], "hexpm"},
  "ex_machina": {:hex, :ex_machina, "2.0.0", "ec284c6f57233729cea9319e083f66e613e82549f78eccdb2059aeba5d0df9f3", [:mix], [{:ecto, "~> 2.1", [hex: :ecto, repo: "hexpm", optional: true]}], "hexpm"},
  "fs": {:hex, :fs, "0.9.2", "ed17036c26c3f70ac49781ed9220a50c36775c6ca2cf8182d123b6566e49ec59", [:rebar], [], "hexpm"},
  "mix_test_watch": {:hex, :mix_test_watch, "0.5.0", "2c322d119a4795c3431380fca2bca5afa4dc07324bd3c0b9f6b2efbdd99f5ed3", [:mix], [{:fs, "~> 0.9.1", [hex: :fs, repo: "hexpm", optional: false]}], "hexpm"},
  "stream_data": {:hex, :stream_data, "0.2.0", "887b7701cd4ea235e0d704ce60f86096ff5754dae55c3ead4e1d43f152a9239e", [:mix], [], "hexpm"}}
